
Microsoft Visual Studio Solution File, Format Version 12.00
# Visual Studio Version 17
VisualStudioVersion = 17.6.33801.468
MinimumVisualStudioVersion = 10.0.40219.1
Project("{FAE04EC0-301F-11D3-BF4B-00C04F79EFBC}") = "HW_4_4", "HW_4_4\HW_4_4.csproj", "{846FB2C0-C05A-43BE-9545-E591ACE8A71E}"
EndProject
Global
	GlobalSection(SolutionConfigurationPlatforms) = preSolution
		Debug|Any CPU = Debug|Any CPU
		Release|Any CPU = Release|Any CPU
	EndGlobalSection
	GlobalSection(ProjectConfigurationPlatforms) = postSolution
		{846FB2C0-C05A-43BE-9545-E591ACE8A71E}.Debug|Any CPU.ActiveCfg = Debug|Any CPU
		{846FB2C0-C05A-43BE-9545-E591ACE8A71E}.Debug|Any CPU.Build.0 = Debug|Any CPU
		{846FB2C0-C05A-43BE-9545-E591ACE8A71E}.Release|Any CPU.ActiveCfg = Release|Any CPU
		{846FB2C0-C05A-43BE-9545-E591ACE8A71E}.Release|Any CPU.Build.0 = Release|Any CPU
	EndGlobalSection
	GlobalSection(SolutionProperties) = preSolution
		HideSolutionNode = FALSE
	EndGlobalSection
	GlobalSection(ExtensibilityGlobals) = postSolution
		SolutionGuid = {CBA10434-BB1A-433D-B99F-1AF4306103C2}
	EndGlobalSection
EndGlobal
